// !$*UTF8*$!
{
	archiveVersion = 1;
	classes = {
	};
	objectVersion = 50;
	objects = {

/* Begin PBXBuildFile section */
		B70454EE253E2C8300E7E90B /* AppDelegate.swift in Sources */ = {isa = PBXBuildFile; fileRef = B70454ED253E2C8300E7E90B /* AppDelegate.swift */; };
		B70454F0253E2C8300E7E90B /* SceneDelegate.swift in Sources */ = {isa = PBXBuildFile; fileRef = B70454EF253E2C8300E7E90B /* SceneDelegate.swift */; };
		B70454F2253E2C8300E7E90B /* ViewController.swift in Sources */ = {isa = PBXBuildFile; fileRef = B70454F1253E2C8300E7E90B /* ViewController.swift */; };
		B70454F5253E2C8300E7E90B /* Main.storyboard in Resources */ = {isa = PBXBuildFile; fileRef = B70454F3253E2C8300E7E90B /* Main.storyboard */; };
		B70454F7253E2C8700E7E90B /* Assets.xcassets in Resources */ = {isa = PBXBuildFile; fileRef = B70454F6253E2C8700E7E90B /* Assets.xcassets */; };
		B70454FA253E2C8700E7E90B /* LaunchScreen.storyboard in Resources */ = {isa = PBXBuildFile; fileRef = B70454F8253E2C8700E7E90B /* LaunchScreen.storyboard */; };
		B7045503253E34F400E7E90B /* DateViewController.swift in Sources */ = {isa = PBXBuildFile; fileRef = B7045502253E34F400E7E90B /* DateViewController.swift */; };
/* End PBXBuildFile section */

/* Begin PBXFileReference section */
		B70454EA253E2C8300E7E90B /* CountDown App.app */ = {isa = PBXFileReference; explicitFileType = wrapper.application; includeInIndex = 0; path = "CountDown App.app"; sourceTree = BUILT_PRODUCTS_DIR; };
		B70454ED253E2C8300E7E90B /* AppDelegate.swift */ = {isa = PBXFileReference; lastKnownFileType = sourcecode.swift; path = AppDelegate.swift; sourceTree = "<group>"; };
		B70454EF253E2C8300E7E90B /* SceneDelegate.swift */ = {isa = PBXFileReference; lastKnownFileType = sourcecode.swift; path = SceneDelegate.swift; sourceTree = "<group>"; };
		B70454F1253E2C8300E7E90B /* ViewController.swift */ = {isa = PBXFileReference; lastKnownFileType = sourcecode.swift; path = ViewController.swift; sourceTree = "<group>"; };
		B70454F4253E2C8300E7E90B /* Base */ = {isa = PBXFileReference; lastKnownFileType = file.storyboard; name = Base; path = Base.lproj/Main.storyboard; sourceTree = "<group>"; };
		B70454F6253E2C8700E7E90B /* Assets.xcassets */ = {isa = PBXFileReference; lastKnownFileType = folder.assetcatalog; path = Assets.xcassets; sourceTree = "<group>"; };
		B70454F9253E2C8700E7E90B /* Base */ = {isa = PBXFileReference; lastKnownFileType = file.storyboard; name = Base; path = Base.lproj/LaunchScreen.storyboard; sourceTree = "<group>"; };
		B70454FB253E2C8700E7E90B /* Info.plist */ = {isa = PBXFileReference; lastKnownFileType = text.plist.xml; path = Info.plist; sourceTree = "<group>"; };
		B7045502253E34F400E7E90B /* DateViewController.swift */ = {isa = PBXFileReference; lastKnownFileType = sourcecode.swift; path = DateViewController.swift; sourceTree = "<group>"; };
/* End PBXFileReference section */

/* Begin PBXFrameworksBuildPhase section */
		B70454E7253E2C8300E7E90B /* Frameworks */ = {
			isa = PBXFrameworksBuildPhase;
			buildActionMask = 2147483647;
			files = (
			);
			runOnlyForDeploymentPostprocessing = 0;
		};
/* End PBXFrameworksBuildPhase section */

/* Begin PBXGroup section */
		B70454E1253E2C8300E7E90B = {
			isa = PBXGroup;
			children = (
				B70454EC253E2C8300E7E90B /* CountDown App */,
				B70454EB253E2C8300E7E90B /* Products */,
			);
			sourceTree = "<group>";
		};
		B70454EB253E2C8300E7E90B /* Products */ = {
			isa = PBXGroup;
			children = (
				B70454EA253E2C8300E7E90B /* CountDown App.app */,
			);
			name = Products;
			sourceTree = "<group>";
		};
		B70454EC253E2C8300E7E90B /* CountDown App */ = {
			isa = PBXGroup;
			children = (
				B70454ED253E2C8300E7E90B /* AppDelegate.swift */,
				B70454EF253E2C8300E7E90B /* SceneDelegate.swift */,
				B70454F1253E2C8300E7E90B /* ViewController.swift */,
				B70454F3253E2C8300E7E90B /* Main.storyboard */,
				B70454F6253E2C8700E7E90B /* Assets.xcassets */,
				B70454F8253E2C8700E7E90B /* LaunchScreen.storyboard */,
				B70454FB253E2C8700E7E90B /* Info.plist */,
				B7045502253E34F400E7E90B /* DateViewController.swift */,
			);
			path = "CountDown App";
			sourceTree = "<group>";
		};
/* End PBXGroup section */

/* Begin PBXNativeTarget section */
		B70454E9253E2C8300E7E90B /* CountDown App */ = {
			isa = PBXNativeTarget;
			buildConfigurationList = B70454FE253E2C8700E7E90B /* Build configuration list for PBXNativeTarget "CountDown App" */;
			buildPhases = (
				B70454E6253E2C8300E7E90B /* Sources */,
				B70454E7253E2C8300E7E90B /* Frameworks */,
				B70454E8253E2C8300E7E90B /* Resources */,
			);
			buildRules = (
			);
			dependencies = (
			);
			name = "CountDown App";
			productName = "CountDown App";
			productReference = B70454EA253E2C8300E7E90B /* CountDown App.app */;
			productType = "com.apple.product-type.application";
		};
/* End PBXNativeTarget section */

/* Begin PBXProject section */
		B70454E2253E2C8300E7E90B /* Project object */ = {
			isa = PBXProject;
			attributes = {
				LastSwiftUpdateCheck = 1200;
				LastUpgradeCheck = 1200;
				TargetAttributes = {
					B70454E9253E2C8300E7E90B = {
						CreatedOnToolsVersion = 12.0.1;
					};
				};
			};
			buildConfigurationList = B70454E5253E2C8300E7E90B /* Build configuration list for PBXProject "CountDown App" */;
			compatibilityVersion = "Xcode 9.3";
			developmentRegion = en;
			hasScannedForEncodings = 0;
			knownRegions = (
				en,
				Base,
			);
			mainGroup = B70454E1253E2C8300E7E90B;
			productRefGroup = B70454EB253E2C8300E7E90B /* Products */;
			projectDirPath = "";
			projectRoot = "";
			targets = (
				B70454E9253E2C8300E7E90B /* CountDown App */,
			);
		};
/* End PBXProject section */

/* Begin PBXResourcesBuildPhase section */
		B70454E8253E2C8300E7E90B /* Resources */ = {
			isa = PBXResourcesBuildPhase;
			buildActionMask = 2147483647;
			files = (
				B70454FA253E2C8700E7E90B /* LaunchScreen.storyboard in Resources */,
				B70454F7253E2C8700E7E90B /* Assets.xcassets in Resources */,
				B70454F5253E2C8300E7E90B /* Main.storyboard in Resources */,
			);
			runOnlyForDeploymentPostprocessing = 0;
		};
/* End PBXResourcesBuildPhase section */

/* Begin PBXSourcesBuildPhase section */
		B70454E6253E2C8300E7E90B /* Sources */ = {
			isa = PBXSourcesBuildPhase;
			buildActionMask = 2147483647;
			files = (
				B7045503253E34F400E7E90B /* DateViewController.swift in Sources */,
				B70454F2253E2C8300E7E90B /* ViewController.swift in Sources */,
				B70454EE253E2C8300E7E90B /* AppDelegate.swift in Sources */,
				B70454F0253E2C8300E7E90B /* SceneDelegate.swift in Sources */,
			);
			runOnlyForDeploymentPostprocessing = 0;
		};
/* End PBXSourcesBuildPhase section */

/* Begin PBXVariantGroup section */
		B70454F3253E2C8300E7E90B /* Main.storyboard */ = {
			isa = PBXVariantGroup;
			children = (
				B70454F4253E2C8300E7E90B /* Base */,
			);
			name = Main.storyboard;
			sourceTree = "<group>";
		};
		B70454F8253E2C8700E7E90B /* LaunchScreen.storyboard */ = {
			isa = PBXVariantGroup;
			children = (
				B70454F9253E2C8700E7E90B /* Base */,
			);
			name = LaunchScreen.storyboard;
			sourceTree = "<group>";
		};
/* End PBXVariantGroup section */

/* Begin XCBuildConfiguration section */
		B70454FC253E2C8700E7E90B /* Debug */ = {
			isa = XCBuildConfiguration;
			buildSettings = {
				ALWAYS_SEARCH_USER_PATHS = NO;
				CLANG_ANALYZER_NONNULL = YES;
				CLANG_ANALYZER_NUMBER_OBJECT_CONVERSION = YES_AGGRESSIVE;
				CLANG_CXX_LANGUAGE_STANDARD = "gnu++14";
				CLANG_CXX_LIBRARY = "libc++";
				CLANG_ENABLE_MODULES = YES;
				CLANG_ENABLE_OBJC_ARC = YES;
				CLANG_ENABLE_OBJC_WEAK = YES;
				CLANG_WARN_BLOCK_CAPTURE_AUTORELEASING = YES;
				CLANG_WARN_BOOL_CONVERSION = YES;
				CLANG_WARN_COMMA = YES;
				CLANG_WARN_CONSTANT_CONVERSION = YES;
				CLANG_WARN_DEPRECATED_OBJC_IMPLEMENTATIONS = YES;
				CLANG_WARN_DIRECT_OBJC_ISA_USAGE = YES_ERROR;
				CLANG_WARN_DOCUMENTATION_COMMENTS = YES;
				CLANG_WARN_EMPTY_BODY = YES;
				CLANG_WARN_ENUM_CONVERSION = YES;
				CLANG_WARN_INFINITE_RECURSION = YES;
				CLANG_WARN_INT_CONVERSION = YES;
				CLANG_WARN_NON_LITERAL_NULL_CONVERSION = YES;
				CLANG_WARN_OBJC_IMPLICIT_RETAIN_SELF = YES;
				CLANG_WARN_OBJC_LITERAL_CONVERSION = YES;
				CLANG_WARN_OBJC_ROOT_CLASS = YES_ERROR;
				CLANG_WARN_QUOTED_INCLUDE_IN_FRAMEWORK_HEADER = YES;
				CLANG_WARN_RANGE_LOOP_ANALYSIS = YES;
				CLANG_WARN_STRICT_PROTOTYPES = YES;
				CLANG_WARN_SUSPICIOUS_MOVE = YES;
				CLANG_WARN_UNGUARDED_AVAILABILITY = YES_AGGRESSIVE;
				CLANG_WARN_UNREACHABLE_CODE = YES;
				CLANG_WARN__DUPLICATE_METHOD_MATCH = YES;
				COPY_PHASE_STRIP = NO;
				DEBUG_INFORMATION_FORMAT = dwarf;
				ENABLE_STRICT_OBJC_MSGSEND = YES;
				ENABLE_TESTABILITY = YES;
				GCC_C_LANGUAGE_STANDARD = gnu11;
				GCC_DYNAMIC_NO_PIC = NO;
				GCC_NO_COMMON_BLOCKS = YES;
				GCC_OPTIMIZATION_LEVEL = 0;
				GCC_PREPROCESSOR_DEFINITIONS = (
					"DEBUG=1",
					"$(inherited)",
				);
				GCC_WARN_64_TO_32_BIT_CONVERSION = YES;
				GCC_WARN_ABOUT_RETURN_TYPE = YES_ERROR;
				GCC_WARN_UNDECLARED_SELECTOR = YES;
				GCC_WARN_UNINITIALIZED_AUTOS = YES_AGGRESSIVE;
				GCC_WARN_UNUSED_FUNCTION = YES;
				GCC_WARN_UNUSED_VARIABLE = YES;
				IPHONEOS_DEPLOYMENT_TARGET = 14.0;
				MTL_ENABLE_DEBUG_INFO = INCLUDE_SOURCE;
				MTL_FAST_MATH = YES;
				ONLY_ACTIVE_ARCH = YES;
				SDKROOT = iphoneos;
				SWIFT_ACTIVE_COMPILATION_CONDITIONS = DEBUG;
				SWIFT_OPTIMIZATION_LEVEL = "-Onone";
			};
			name = Debug;
		};
		B70454FD253E2C8700E7E90B /* Release */ = {
			isa = XCBuildConfiguration;
			buildSettings = {
				ALWAYS_SEARCH_USER_PATHS = NO;
				CLANG_ANALYZER_NONNULL = YES;
				CLANG_ANALYZER_NUMBER_OBJECT_CONVERSION = YES_AGGRESSIVE;
				CLANG_CXX_LANGUAGE_STANDARD = "gnu++14";
				CLANG_CXX_LIBRARY = "libc++";
				CLANG_ENABLE_MODULES = YES;
				CLANG_ENABLE_OBJC_ARC = YES;
				CLANG_ENABLE_OBJC_WEAK = YES;
				CLANG_WARN_BLOCK_CAPTURE_AUTORELEASING = YES;
				CLANG_WARN_BOOL_CONVERSION = YES;
				CLANG_WARN_COMMA = YES;
				CLANG_WARN_CONSTANT_CONVERSION = YES;
				CLANG_WARN_DEPRECATED_OBJC_IMPLEMENTATIONS = YES;
				CLANG_WARN_DIRECT_OBJC_ISA_USAGE = YES_ERROR;
				CLANG_WARN_DOCUMENTATION_COMMENTS = YES;
				CLANG_WARN_EMPTY_BODY = YES;
				CLANG_WARN_ENUM_CONVERSION = YES;
				CLANG_WARN_INFINITE_RECURSION = YES;
				CLANG_WARN_INT_CONVERSION = YES;
				CLANG_WARN_NON_LITERAL_NULL_CONVERSION = YES;
				CLANG_WARN_OBJC_IMPLICIT_RETAIN_SELF = YES;
				CLANG_WARN_OBJC_LITERAL_CONVERSION = YES;
				CLANG_WARN_OBJC_ROOT_CLASS = YES_ERROR;
				CLANG_WARN_QUOTED_INCLUDE_IN_FRAMEWORK_HEADER = YES;
				CLANG_WARN_RANGE_LOOP_ANALYSIS = YES;
				CLANG_WARN_STRICT_PROTOTYPES = YES;
				CLANG_WARN_SUSPICIOUS_MOVE = YES;
				CLANG_WARN_UNGUARDED_AVAILABILITY = YES_AGGRESSIVE;
				CLANG_WARN_UNREACHABLE_CODE = YES;
				CLANG_WARN__DUPLICATE_METHOD_MATCH = YES;
				COPY_PHASE_STRIP = NO;
				DEBUG_INFORMATION_FORMAT = "dwarf-with-dsym";
				ENABLE_NS_ASSERTIONS = NO;
				ENABLE_STRICT_OBJC_MSGSEND = YES;
				GCC_C_LANGUAGE_STANDARD = gnu11;
				GCC_NO_COMMON_BLOCKS = YES;
				GCC_WARN_64_TO_32_BIT_CONVERSION = YES;
				GCC_WARN_ABOUT_RETURN_TYPE = YES_ERROR;
				GCC_WARN_UNDECLARED_SELECTOR = YES;
				GCC_WARN_UNINITIALIZED_AUTOS = YES_AGGRESSIVE;
				GCC_WARN_UNUSED_FUNCTION = YES;
				GCC_WARN_UNUSED_VARIABLE = YES;
				IPHONEOS_DEPLOYMENT_TARGET = 14.0;
				MTL_ENABLE_DEBUG_INFO = NO;
				MTL_FAST_MATH = YES;
				SDKROOT = iphoneos;
				SWIFT_COMPILATION_MODE = wholemodule;
				SWIFT_OPTIMIZATION_LEVEL = "-O";
				VALIDATE_PRODUCT = YES;
			};
			name = Release;
		};
		B70454FF253E2C8700E7E90B /* Debug */ = {
			isa = XCBuildConfiguration;
			buildSettings = {
				ASSETCATALOG_COMPILER_APPICON_NAME = AppIcon;
				ASSETCATALOG_COMPILER_GLOBAL_ACCENT_COLOR_NAME = AccentColor;
				CODE_SIGN_STYLE = Automatic;
				INFOPLIST_FILE = "CountDown App/Info.plist";
				LD_RUNPATH_SEARCH_PATHS = (
					"$(inherited)",
					"@executable_path/Frameworks",
				);
				PRODUCT_BUNDLE_IDENTIFIER = "ge.home.CountDown-App";
				PRODUCT_NAME = "$(TARGET_NAME)";
				SWIFT_VERSION = 5.0;
				TARGETED_DEVICE_FAMILY = "1,2";
			};
			name = Debug;
		};
		B7045500253E2C8700E7E90B /* Release */ = {
			isa = XCBuildConfiguration;
			buildSettings = {
				ASSETCATALOG_COMPILER_APPICON_NAME = AppIcon;
				ASSETCATALOG_COMPILER_GLOBAL_ACCENT_COLOR_NAME = AccentColor;
				CODE_SIGN_STYLE = Automatic;
				INFOPLIST_FILE = "CountDown App/Info.plist";
				LD_RUNPATH_SEARCH_PATHS = (
					"$(inherited)",
					"@executable_path/Frameworks",
				);
				PRODUCT_BUNDLE_IDENTIFIER = "ge.home.CountDown-App";
				PRODUCT_NAME = "$(TARGET_NAME)";
				SWIFT_VERSION = 5.0;
				TARGETED_DEVICE_FAMILY = "1,2";
			};
			name = Release;
		};
/* End XCBuildConfiguration section */

/* Begin XCConfigurationList section */
		B70454E5253E2C8300E7E90B /* Build configuration list for PBXProject "CountDown App" */ = {
			isa = XCConfigurationList;
			buildConfigurations = (
				B70454FC253E2C8700E7E90B /* Debug */,
				B70454FD253E2C8700E7E90B /* Release */,
			);
			defaultConfigurationIsVisible = 0;
			defaultConfigurationName = Release;
		};
		B70454FE253E2C8700E7E90B /* Build configuration list for PBXNativeTarget "CountDown App" */ = {
			isa = XCConfigurationList;
			buildConfigurations = (
				B70454FF253E2C8700E7E90B /* Debug */,
				B7045500253E2C8700E7E90B /* Release */,
			);
			defaultConfigurationIsVisible = 0;
			defaultConfigurationName = Release;
		};
/* End XCConfigurationList section */
	};
	rootObject = B70454E2253E2C8300E7E90B /* Project object */;
}
